
Microsoft Visual Studio Solution File, Format Version 12.00
# Visual Studio Version 16
VisualStudioVersion = 16.0.30011.22
MinimumVisualStudioVersion = 10.0.40219.1
Project("{FAE04EC0-301F-11D3-BF4B-00C04F79EFBC}") = "My2DGame.Network.Server.Console", "My2DGame.Network.Server.Console\My2DGame.Network.Server.Console.csproj", "{B15EBD26-F0CD-43A1-A40F-D7E80AB76FDB}"
EndProject
Project("{FAE04EC0-301F-11D3-BF4B-00C04F79EFBC}") = "My2DGame.Network.Server", "My2DGame.Network.Server\My2DGame.Network.Server.csproj", "{C6F5D256-8506-4F6C-B51A-08DED93EAD19}"
EndProject
Global
	GlobalSection(SolutionConfigurationPlatforms) = preSolution
		Debug|Any CPU = Debug|Any CPU
		Release|Any CPU = Release|Any CPU
	EndGlobalSection
	GlobalSection(ProjectConfigurationPlatforms) = postSolution
		{B15EBD26-F0CD-43A1-A40F-D7E80AB76FDB}.Debug|Any CPU.ActiveCfg = Debug|Any CPU
		{B15EBD26-F0CD-43A1-A40F-D7E80AB76FDB}.Debug|Any CPU.Build.0 = Debug|Any CPU
		{B15EBD26-F0CD-43A1-A40F-D7E80AB76FDB}.Release|Any CPU.ActiveCfg = Release|Any CPU
		{B15EBD26-F0CD-43A1-A40F-D7E80AB76FDB}.Release|Any CPU.Build.0 = Release|Any CPU
		{C6F5D256-8506-4F6C-B51A-08DED93EAD19}.Debug|Any CPU.ActiveCfg = Debug|Any CPU
		{C6F5D256-8506-4F6C-B51A-08DED93EAD19}.Debug|Any CPU.Build.0 = Debug|Any CPU
		{C6F5D256-8506-4F6C-B51A-08DED93EAD19}.Release|Any CPU.ActiveCfg = Release|Any CPU
		{C6F5D256-8506-4F6C-B51A-08DED93EAD19}.Release|Any CPU.Build.0 = Release|Any CPU
	EndGlobalSection
	GlobalSection(SolutionProperties) = preSolution
		HideSolutionNode = FALSE
	EndGlobalSection
	GlobalSection(ExtensibilityGlobals) = postSolution
		SolutionGuid = {447EA27F-FFD2-4661-92CD-DCC68B423082}
	EndGlobalSection
EndGlobal
